
Microsoft Visual Studio Solution File, Format Version 12.00
Project("{FAE04EC0-301F-11D3-BF4B-00C04F79EFBC}") = "TestProject1", "TestProject1\TestProject1.csproj", "{16FA9712-7043-4589-AC17-A61E78C4EA4D}"
EndProject
Global
	GlobalSection(SolutionConfigurationPlatforms) = preSolution
		Debug|Any CPU = Debug|Any CPU
		Release|Any CPU = Release|Any CPU
	EndGlobalSection
	GlobalSection(ProjectConfigurationPlatforms) = postSolution
		{16FA9712-7043-4589-AC17-A61E78C4EA4D}.Debug|Any CPU.ActiveCfg = Debug|Any CPU
		{16FA9712-7043-4589-AC17-A61E78C4EA4D}.Debug|Any CPU.Build.0 = Debug|Any CPU
		{16FA9712-7043-4589-AC17-A61E78C4EA4D}.Release|Any CPU.ActiveCfg = Release|Any CPU
		{16FA9712-7043-4589-AC17-A61E78C4EA4D}.Release|Any CPU.Build.0 = Release|Any CPU
	EndGlobalSection
EndGlobal
